
Microsoft Visual Studio Solution File, Format Version 12.00
# Visual Studio Version 17
VisualStudioVersion = 17.14.36127.28 d17.14
MinimumVisualStudioVersion = 10.0.40219.1
Project("{FAE04EC0-301F-11D3-BF4B-00C04F79EFBC}") = "VSSuite", "VSSuite.csproj", "{07B02776-1729-43A7-ACC9-7C3AD164D0D3}"
EndProject
Global
	GlobalSection(SolutionConfigurationPlatforms) = preSolution
		Debug|Any CPU = Debug|Any CPU
		Release|Any CPU = Release|Any CPU
	EndGlobalSection
	GlobalSection(ProjectConfigurationPlatforms) = postSolution
		{07B02776-1729-43A7-ACC9-7C3AD164D0D3}.Debug|Any CPU.ActiveCfg = Debug|Any CPU
		{07B02776-1729-43A7-ACC9-7C3AD164D0D3}.Debug|Any CPU.Build.0 = Debug|Any CPU
		{07B02776-1729-43A7-ACC9-7C3AD164D0D3}.Release|Any CPU.ActiveCfg = Release|Any CPU
		{07B02776-1729-43A7-ACC9-7C3AD164D0D3}.Release|Any CPU.Build.0 = Release|Any CPU
	EndGlobalSection
	GlobalSection(SolutionProperties) = preSolution
		HideSolutionNode = FALSE
	EndGlobalSection
	GlobalSection(ExtensibilityGlobals) = postSolution
		SolutionGuid = {78BE2CE7-BC75-4062-BA45-DB4D8D6C4F9E}
	EndGlobalSection
EndGlobal
